// !$*UTF8*$!
{
	archiveVersion = 1;
	classes = {
	};
	objectVersion = 55;
	objects = {

/* Begin PBXBuildFile section */
		0F9E1A27288B16F900CA2E79 /* AppDelegate.swift in Sources */ = {isa = PBXBuildFile; fileRef = 0F9E1A26288B16F900CA2E79 /* AppDelegate.swift */; };
		0F9E1A29288B16F900CA2E79 /* SceneDelegate.swift in Sources */ = {isa = PBXBuildFile; fileRef = 0F9E1A28288B16F900CA2E79 /* SceneDelegate.swift */; };
		0F9E1A2B288B16F900CA2E79 /* ViewController.swift in Sources */ = {isa = PBXBuildFile; fileRef = 0F9E1A2A288B16F900CA2E79 /* ViewController.swift */; };
		0F9E1A2E288B16F900CA2E79 /* Main.storyboard in Resources */ = {isa = PBXBuildFile; fileRef = 0F9E1A2C288B16F900CA2E79 /* Main.storyboard */; };
		0F9E1A30288B16F900CA2E79 /* Assets.xcassets in Resources */ = {isa = PBXBuildFile; fileRef = 0F9E1A2F288B16F900CA2E79 /* Assets.xcassets */; };
		0F9E1A33288B16F900CA2E79 /* LaunchScreen.storyboard in Resources */ = {isa = PBXBuildFile; fileRef = 0F9E1A31288B16F900CA2E79 /* LaunchScreen.storyboard */; };
		0F9E1A3B288B46BD00CA2E79 /* Test Coordinates.usdz in Resources */ = {isa = PBXBuildFile; fileRef = 0F9E1A3A288B46BD00CA2E79 /* Test Coordinates.usdz */; };
/* End PBXBuildFile section */

/* Begin PBXFileReference section */
		0F9E1A23288B16F900CA2E79 /* ARTesting.app */ = {isa = PBXFileReference; explicitFileType = wrapper.application; includeInIndex = 0; path = ARTesting.app; sourceTree = BUILT_PRODUCTS_DIR; };
		0F9E1A26288B16F900CA2E79 /* AppDelegate.swift */ = {isa = PBXFileReference; lastKnownFileType = sourcecode.swift; path = AppDelegate.swift; sourceTree = "<group>"; };
		0F9E1A28288B16F900CA2E79 /* SceneDelegate.swift */ = {isa = PBXFileReference; lastKnownFileType = sourcecode.swift; path = SceneDelegate.swift; sourceTree = "<group>"; };
		0F9E1A2A288B16F900CA2E79 /* ViewController.swift */ = {isa = PBXFileReference; lastKnownFileType = sourcecode.swift; path = ViewController.swift; sourceTree = "<group>"; };
		0F9E1A2D288B16F900CA2E79 /* Base */ = {isa = PBXFileReference; lastKnownFileType = file.storyboard; name = Base; path = Base.lproj/Main.storyboard; sourceTree = "<group>"; };
		0F9E1A2F288B16F900CA2E79 /* Assets.xcassets */ = {isa = PBXFileReference; lastKnownFileType = folder.assetcatalog; path = Assets.xcassets; sourceTree = "<group>"; };
		0F9E1A32288B16F900CA2E79 /* Base */ = {isa = PBXFileReference; lastKnownFileType = file.storyboard; name = Base; path = Base.lproj/LaunchScreen.storyboard; sourceTree = "<group>"; };
		0F9E1A34288B16F900CA2E79 /* Info.plist */ = {isa = PBXFileReference; lastKnownFileType = text.plist.xml; path = Info.plist; sourceTree = "<group>"; };
		0F9E1A3A288B46BD00CA2E79 /* Test Coordinates.usdz */ = {isa = PBXFileReference; lastKnownFileType = file.usdz; path = "Test Coordinates.usdz"; sourceTree = "<group>"; };
/* End PBXFileReference section */

/* Begin PBXFrameworksBuildPhase section */
		0F9E1A20288B16F900CA2E79 /* Frameworks */ = {
			isa = PBXFrameworksBuildPhase;
			buildActionMask = 2147483647;
			files = (
			);
			runOnlyForDeploymentPostprocessing = 0;
		};
/* End PBXFrameworksBuildPhase section */

/* Begin PBXGroup section */
		0F9E1A1A288B16F900CA2E79 = {
			isa = PBXGroup;
			children = (
				0F9E1A25288B16F900CA2E79 /* ARTesting */,
				0F9E1A24288B16F900CA2E79 /* Products */,
			);
			sourceTree = "<group>";
		};
		0F9E1A24288B16F900CA2E79 /* Products */ = {
			isa = PBXGroup;
			children = (
				0F9E1A23288B16F900CA2E79 /* ARTesting.app */,
			);
			name = Products;
			sourceTree = "<group>";
		};
		0F9E1A25288B16F900CA2E79 /* ARTesting */ = {
			isa = PBXGroup;
			children = (
				0F9E1A26288B16F900CA2E79 /* AppDelegate.swift */,
				0F9E1A28288B16F900CA2E79 /* SceneDelegate.swift */,
				0F9E1A2A288B16F900CA2E79 /* ViewController.swift */,
				0F9E1A2C288B16F900CA2E79 /* Main.storyboard */,
				0F9E1A2F288B16F900CA2E79 /* Assets.xcassets */,
				0F9E1A31288B16F900CA2E79 /* LaunchScreen.storyboard */,
				0F9E1A34288B16F900CA2E79 /* Info.plist */,
				0F9E1A3A288B46BD00CA2E79 /* Test Coordinates.usdz */,
			);
			path = ARTesting;
			sourceTree = "<group>";
		};
/* End PBXGroup section */

/* Begin PBXNativeTarget section */
		0F9E1A22288B16F900CA2E79 /* ARTesting */ = {
			isa = PBXNativeTarget;
			buildConfigurationList = 0F9E1A37288B16F900CA2E79 /* Build configuration list for PBXNativeTarget "ARTesting" */;
			buildPhases = (
				0F9E1A1F288B16F900CA2E79 /* Sources */,
				0F9E1A20288B16F900CA2E79 /* Frameworks */,
				0F9E1A21288B16F900CA2E79 /* Resources */,
			);
			buildRules = (
			);
			dependencies = (
			);
			name = ARTesting;
			productName = ARTesting;
			productReference = 0F9E1A23288B16F900CA2E79 /* ARTesting.app */;
			productType = "com.apple.product-type.application";
		};
/* End PBXNativeTarget section */

/* Begin PBXProject section */
		0F9E1A1B288B16F900CA2E79 /* Project object */ = {
			isa = PBXProject;
			attributes = {
				BuildIndependentTargetsInParallel = 1;
				LastSwiftUpdateCheck = 1340;
				LastUpgradeCheck = 1340;
				TargetAttributes = {
					0F9E1A22288B16F900CA2E79 = {
						CreatedOnToolsVersion = 13.4.1;
					};
				};
			};
			buildConfigurationList = 0F9E1A1E288B16F900CA2E79 /* Build configuration list for PBXProject "ARTesting" */;
			compatibilityVersion = "Xcode 13.0";
			developmentRegion = en;
			hasScannedForEncodings = 0;
			knownRegions = (
				en,
				Base,
			);
			mainGroup = 0F9E1A1A288B16F900CA2E79;
			productRefGroup = 0F9E1A24288B16F900CA2E79 /* Products */;
			projectDirPath = "";
			projectRoot = "";
			targets = (
				0F9E1A22288B16F900CA2E79 /* ARTesting */,
			);
		};
/* End PBXProject section */

/* Begin PBXResourcesBuildPhase section */
		0F9E1A21288B16F900CA2E79 /* Resources */ = {
			isa = PBXResourcesBuildPhase;
			buildActionMask = 2147483647;
			files = (
				0F9E1A3B288B46BD00CA2E79 /* Test Coordinates.usdz in Resources */,
				0F9E1A33288B16F900CA2E79 /* LaunchScreen.storyboard in Resources */,
				0F9E1A30288B16F900CA2E79 /* Assets.xcassets in Resources */,
				0F9E1A2E288B16F900CA2E79 /* Main.storyboard in Resources */,
			);
			runOnlyForDeploymentPostprocessing = 0;
		};
/* End PBXResourcesBuildPhase section */

/* Begin PBXSourcesBuildPhase section */
		0F9E1A1F288B16F900CA2E79 /* Sources */ = {
			isa = PBXSourcesBuildPhase;
			buildActionMask = 2147483647;
			files = (
				0F9E1A2B288B16F900CA2E79 /* ViewController.swift in Sources */,
				0F9E1A27288B16F900CA2E79 /* AppDelegate.swift in Sources */,
				0F9E1A29288B16F900CA2E79 /* SceneDelegate.swift in Sources */,
			);
			runOnlyForDeploymentPostprocessing = 0;
		};
/* End PBXSourcesBuildPhase section */

/* Begin PBXVariantGroup section */
		0F9E1A2C288B16F900CA2E79 /* Main.storyboard */ = {
			isa = PBXVariantGroup;
			children = (
				0F9E1A2D288B16F900CA2E79 /* Base */,
			);
			name = Main.storyboard;
			sourceTree = "<group>";
		};
		0F9E1A31288B16F900CA2E79 /* LaunchScreen.storyboard */ = {
			isa = PBXVariantGroup;
			children = (
				0F9E1A32288B16F900CA2E79 /* Base */,
			);
			name = LaunchScreen.storyboard;
			sourceTree = "<group>";
		};
/* End PBXVariantGroup section */

/* Begin XCBuildConfiguration section */
		0F9E1A35288B16F900CA2E79 /* Debug */ = {
			isa = XCBuildConfiguration;
			buildSettings = {
				ALWAYS_SEARCH_USER_PATHS = NO;
				CLANG_ANALYZER_NONNULL = YES;
				CLANG_ANALYZER_NUMBER_OBJECT_CONVERSION = YES_AGGRESSIVE;
				CLANG_CXX_LANGUAGE_STANDARD = "gnu++17";
				CLANG_ENABLE_MODULES = YES;
				CLANG_ENABLE_OBJC_ARC = YES;
				CLANG_ENABLE_OBJC_WEAK = YES;
				CLANG_WARN_BLOCK_CAPTURE_AUTORELEASING = YES;
				CLANG_WARN_BOOL_CONVERSION = YES;
				CLANG_WARN_COMMA = YES;
				CLANG_WARN_CONSTANT_CONVERSION = YES;
				CLANG_WARN_DEPRECATED_OBJC_IMPLEMENTATIONS = YES;
				CLANG_WARN_DIRECT_OBJC_ISA_USAGE = YES_ERROR;
				CLANG_WARN_DOCUMENTATION_COMMENTS = YES;
				CLANG_WARN_EMPTY_BODY = YES;
				CLANG_WARN_ENUM_CONVERSION = YES;
				CLANG_WARN_INFINITE_RECURSION = YES;
				CLANG_WARN_INT_CONVERSION = YES;
				CLANG_WARN_NON_LITERAL_NULL_CONVERSION = YES;
				CLANG_WARN_OBJC_IMPLICIT_RETAIN_SELF = YES;
				CLANG_WARN_OBJC_LITERAL_CONVERSION = YES;
				CLANG_WARN_OBJC_ROOT_CLASS = YES_ERROR;
				CLANG_WARN_QUOTED_INCLUDE_IN_FRAMEWORK_HEADER = YES;
				CLANG_WARN_RANGE_LOOP_ANALYSIS = YES;
				CLANG_WARN_STRICT_PROTOTYPES = YES;
				CLANG_WARN_SUSPICIOUS_MOVE = YES;
				CLANG_WARN_UNGUARDED_AVAILABILITY = YES_AGGRESSIVE;
				CLANG_WARN_UNREACHABLE_CODE = YES;
				CLANG_WARN__DUPLICATE_METHOD_MATCH = YES;
				COPY_PHASE_STRIP = NO;
				DEBUG_INFORMATION_FORMAT = dwarf;
				ENABLE_STRICT_OBJC_MSGSEND = YES;
				ENABLE_TESTABILITY = YES;
				GCC_C_LANGUAGE_STANDARD = gnu11;
				GCC_DYNAMIC_NO_PIC = NO;
				GCC_NO_COMMON_BLOCKS = YES;
				GCC_OPTIMIZATION_LEVEL = 0;
				GCC_PREPROCESSOR_DEFINITIONS = (
					"DEBUG=1",
					"$(inherited)",
				);
				GCC_WARN_64_TO_32_BIT_CONVERSION = YES;
				GCC_WARN_ABOUT_RETURN_TYPE = YES_ERROR;
				GCC_WARN_UNDECLARED_SELECTOR = YES;
				GCC_WARN_UNINITIALIZED_AUTOS = YES_AGGRESSIVE;
				GCC_WARN_UNUSED_FUNCTION = YES;
				GCC_WARN_UNUSED_VARIABLE = YES;
				IPHONEOS_DEPLOYMENT_TARGET = 15.5;
				MTL_ENABLE_DEBUG_INFO = INCLUDE_SOURCE;
				MTL_FAST_MATH = YES;
				ONLY_ACTIVE_ARCH = YES;
				SDKROOT = iphoneos;
				SWIFT_ACTIVE_COMPILATION_CONDITIONS = DEBUG;
				SWIFT_OPTIMIZATION_LEVEL = "-Onone";
			};
			name = Debug;
		};
		0F9E1A36288B16F900CA2E79 /* Release */ = {
			isa = XCBuildConfiguration;
			buildSettings = {
				ALWAYS_SEARCH_USER_PATHS = NO;
				CLANG_ANALYZER_NONNULL = YES;
				CLANG_ANALYZER_NUMBER_OBJECT_CONVERSION = YES_AGGRESSIVE;
				CLANG_CXX_LANGUAGE_STANDARD = "gnu++17";
				CLANG_ENABLE_MODULES = YES;
				CLANG_ENABLE_OBJC_ARC = YES;
				CLANG_ENABLE_OBJC_WEAK = YES;
				CLANG_WARN_BLOCK_CAPTURE_AUTORELEASING = YES;
				CLANG_WARN_BOOL_CONVERSION = YES;
				CLANG_WARN_COMMA = YES;
				CLANG_WARN_CONSTANT_CONVERSION = YES;
				CLANG_WARN_DEPRECATED_OBJC_IMPLEMENTATIONS = YES;
				CLANG_WARN_DIRECT_OBJC_ISA_USAGE = YES_ERROR;
				CLANG_WARN_DOCUMENTATION_COMMENTS = YES;
				CLANG_WARN_EMPTY_BODY = YES;
				CLANG_WARN_ENUM_CONVERSION = YES;
				CLANG_WARN_INFINITE_RECURSION = YES;
				CLANG_WARN_INT_CONVERSION = YES;
				CLANG_WARN_NON_LITERAL_NULL_CONVERSION = YES;
				CLANG_WARN_OBJC_IMPLICIT_RETAIN_SELF = YES;
				CLANG_WARN_OBJC_LITERAL_CONVERSION = YES;
				CLANG_WARN_OBJC_ROOT_CLASS = YES_ERROR;
				CLANG_WARN_QUOTED_INCLUDE_IN_FRAMEWORK_HEADER = YES;
				CLANG_WARN_RANGE_LOOP_ANALYSIS = YES;
				CLANG_WARN_STRICT_PROTOTYPES = YES;
				CLANG_WARN_SUSPICIOUS_MOVE = YES;
				CLANG_WARN_UNGUARDED_AVAILABILITY = YES_AGGRESSIVE;
				CLANG_WARN_UNREACHABLE_CODE = YES;
				CLANG_WARN__DUPLICATE_METHOD_MATCH = YES;
				COPY_PHASE_STRIP = NO;
				DEBUG_INFORMATION_FORMAT = "dwarf-with-dsym";
				ENABLE_NS_ASSERTIONS = NO;
				ENABLE_STRICT_OBJC_MSGSEND = YES;
				GCC_C_LANGUAGE_STANDARD = gnu11;
				GCC_NO_COMMON_BLOCKS = YES;
				GCC_WARN_64_TO_32_BIT_CONVERSION = YES;
				GCC_WARN_ABOUT_RETURN_TYPE = YES_ERROR;
				GCC_WARN_UNDECLARED_SELECTOR = YES;
				GCC_WARN_UNINITIALIZED_AUTOS = YES_AGGRESSIVE;
				GCC_WARN_UNUSED_FUNCTION = YES;
				GCC_WARN_UNUSED_VARIABLE = YES;
				IPHONEOS_DEPLOYMENT_TARGET = 15.5;
				MTL_ENABLE_DEBUG_INFO = NO;
				MTL_FAST_MATH = YES;
				SDKROOT = iphoneos;
				SWIFT_COMPILATION_MODE = wholemodule;
				SWIFT_OPTIMIZATION_LEVEL = "-O";
				VALIDATE_PRODUCT = YES;
			};
			name = Release;
		};
		0F9E1A38288B16F900CA2E79 /* Debug */ = {
			isa = XCBuildConfiguration;
			buildSettings = {
				ASSETCATALOG_COMPILER_APPICON_NAME = AppIcon;
				ASSETCATALOG_COMPILER_GLOBAL_ACCENT_COLOR_NAME = AccentColor;
				CODE_SIGN_STYLE = Automatic;
				CURRENT_PROJECT_VERSION = 1;
				DEVELOPMENT_TEAM = P3X24UJSH2;
				GENERATE_INFOPLIST_FILE = YES;
				INFOPLIST_FILE = ARTesting/Info.plist;
				INFOPLIST_KEY_UIApplicationSupportsIndirectInputEvents = YES;
				INFOPLIST_KEY_UILaunchStoryboardName = LaunchScreen;
				INFOPLIST_KEY_UIMainStoryboardFile = Main;
				INFOPLIST_KEY_UISupportedInterfaceOrientations_iPad = "UIInterfaceOrientationPortrait UIInterfaceOrientationPortraitUpsideDown UIInterfaceOrientationLandscapeLeft UIInterfaceOrientationLandscapeRight";
				INFOPLIST_KEY_UISupportedInterfaceOrientations_iPhone = "UIInterfaceOrientationPortrait UIInterfaceOrientationLandscapeLeft UIInterfaceOrientationLandscapeRight";
				LD_RUNPATH_SEARCH_PATHS = (
					"$(inherited)",
					"@executable_path/Frameworks",
				);
				MARKETING_VERSION = 1.0;
				PRODUCT_BUNDLE_IDENTIFIER = siddharthLakkoju.ARTesting;
				PRODUCT_NAME = "$(TARGET_NAME)";
				SWIFT_EMIT_LOC_STRINGS = YES;
				SWIFT_VERSION = 5.0;
				TARGETED_DEVICE_FAMILY = "1,2";
			};
			name = Debug;
		};
		0F9E1A39288B16F900CA2E79 /* Release */ = {
			isa = XCBuildConfiguration;
			buildSettings = {
				ASSETCATALOG_COMPILER_APPICON_NAME = AppIcon;
				ASSETCATALOG_COMPILER_GLOBAL_ACCENT_COLOR_NAME = AccentColor;
				CODE_SIGN_STYLE = Automatic;
				CURRENT_PROJECT_VERSION = 1;
				DEVELOPMENT_TEAM = P3X24UJSH2;
				GENERATE_INFOPLIST_FILE = YES;
				INFOPLIST_FILE = ARTesting/Info.plist;
				INFOPLIST_KEY_UIApplicationSupportsIndirectInputEvents = YES;
				INFOPLIST_KEY_UILaunchStoryboardName = LaunchScreen;
				INFOPLIST_KEY_UIMainStoryboardFile = Main;
				INFOPLIST_KEY_UISupportedInterfaceOrientations_iPad = "UIInterfaceOrientationPortrait UIInterfaceOrientationPortraitUpsideDown UIInterfaceOrientationLandscapeLeft UIInterfaceOrientationLandscapeRight";
				INFOPLIST_KEY_UISupportedInterfaceOrientations_iPhone = "UIInterfaceOrientationPortrait UIInterfaceOrientationLandscapeLeft UIInterfaceOrientationLandscapeRight";
				LD_RUNPATH_SEARCH_PATHS = (
					"$(inherited)",
					"@executable_path/Frameworks",
				);
				MARKETING_VERSION = 1.0;
				PRODUCT_BUNDLE_IDENTIFIER = siddharthLakkoju.ARTesting;
				PRODUCT_NAME = "$(TARGET_NAME)";
				SWIFT_EMIT_LOC_STRINGS = YES;
				SWIFT_VERSION = 5.0;
				TARGETED_DEVICE_FAMILY = "1,2";
			};
			name = Release;
		};
/* End XCBuildConfiguration section */

/* Begin XCConfigurationList section */
		0F9E1A1E288B16F900CA2E79 /* Build configuration list for PBXProject "ARTesting" */ = {
			isa = XCConfigurationList;
			buildConfigurations = (
				0F9E1A35288B16F900CA2E79 /* Debug */,
				0F9E1A36288B16F900CA2E79 /* Release */,
			);
			defaultConfigurationIsVisible = 0;
			defaultConfigurationName = Release;
		};
		0F9E1A37288B16F900CA2E79 /* Build configuration list for PBXNativeTarget "ARTesting" */ = {
			isa = XCConfigurationList;
			buildConfigurations = (
				0F9E1A38288B16F900CA2E79 /* Debug */,
				0F9E1A39288B16F900CA2E79 /* Release */,
			);
			defaultConfigurationIsVisible = 0;
			defaultConfigurationName = Release;
		};
/* End XCConfigurationList section */
	};
	rootObject = 0F9E1A1B288B16F900CA2E79 /* Project object */;
}
